
Microsoft Visual Studio Solution File, Format Version 12.00
# Visual Studio 2012
Project("{8BC9CEB8-8B4A-11D0-8D11-00A0C91BC942}") = "strings", "strings\strings.vcxproj", "{A61484E0-C992-4CB1-9BF5-0E6DD728CD5F}"
EndProject
Global
	GlobalSection(SolutionConfigurationPlatforms) = preSolution
		Debug|Win32 = Debug|Win32
		Release|Win32 = Release|Win32
	EndGlobalSection
	GlobalSection(ProjectConfigurationPlatforms) = postSolution
		{A61484E0-C992-4CB1-9BF5-0E6DD728CD5F}.Debug|Win32.ActiveCfg = Debug|Win32
		{A61484E0-C992-4CB1-9BF5-0E6DD728CD5F}.Debug|Win32.Build.0 = Debug|Win32
		{A61484E0-C992-4CB1-9BF5-0E6DD728CD5F}.Release|Win32.ActiveCfg = Release|Win32
		{A61484E0-C992-4CB1-9BF5-0E6DD728CD5F}.Release|Win32.Build.0 = Release|Win32
	EndGlobalSection
	GlobalSection(SolutionProperties) = preSolution
		HideSolutionNode = FALSE
	EndGlobalSection
EndGlobal
